
Microsoft Visual Studio Solution File, Format Version 12.00
# Visual Studio Version 17
VisualStudioVersion = 17.3.32811.315
MinimumVisualStudioVersion = 10.0.40219.1
Project("{8BC9CEB8-8B4A-11D0-8D11-00A0C91BC942}") = "CppCLR_WinFormsProject1", "CppCLR_WinFormsProject1.vcxproj", "{EB94DF63-4895-4C48-B626-B93A15B4DA0F}"
EndProject
Global
	GlobalSection(SolutionConfigurationPlatforms) = preSolution
		Debug|x64 = Debug|x64
		Debug|x86 = Debug|x86
		Release|x64 = Release|x64
		Release|x86 = Release|x86
	EndGlobalSection
	GlobalSection(ProjectConfigurationPlatforms) = postSolution
		{EB94DF63-4895-4C48-B626-B93A15B4DA0F}.Debug|x64.ActiveCfg = Debug|x64
		{EB94DF63-4895-4C48-B626-B93A15B4DA0F}.Debug|x64.Build.0 = Debug|x64
		{EB94DF63-4895-4C48-B626-B93A15B4DA0F}.Debug|x86.ActiveCfg = Debug|Win32
		{EB94DF63-4895-4C48-B626-B93A15B4DA0F}.Debug|x86.Build.0 = Debug|Win32
		{EB94DF63-4895-4C48-B626-B93A15B4DA0F}.Release|x64.ActiveCfg = Release|x64
		{EB94DF63-4895-4C48-B626-B93A15B4DA0F}.Release|x64.Build.0 = Release|x64
		{EB94DF63-4895-4C48-B626-B93A15B4DA0F}.Release|x86.ActiveCfg = Release|Win32
		{EB94DF63-4895-4C48-B626-B93A15B4DA0F}.Release|x86.Build.0 = Release|Win32
	EndGlobalSection
	GlobalSection(SolutionProperties) = preSolution
		HideSolutionNode = FALSE
	EndGlobalSection
	GlobalSection(ExtensibilityGlobals) = postSolution
		SolutionGuid = {1B8E207E-C34C-41BE-98A8-4256163564CC}
	EndGlobalSection
EndGlobal
