
Microsoft Visual Studio Solution File, Format Version 12.00
# Visual Studio Version 17
VisualStudioVersion = 17.5.33414.496
MinimumVisualStudioVersion = 10.0.40219.1
Project("{8BC9CEB8-8B4A-11D0-8D11-00A0C91BC942}") = "GestionareBibliotecaDigitala", "GestionareBibliotecaDigitala\GestionareBibliotecaDigitala.vcxproj", "{841B53F6-8B98-44B7-A5BB-87E6A113AB0A}"
EndProject
Global
	GlobalSection(SolutionConfigurationPlatforms) = preSolution
		Debug|x64 = Debug|x64
		Debug|x86 = Debug|x86
		Release|x64 = Release|x64
		Release|x86 = Release|x86
	EndGlobalSection
	GlobalSection(ProjectConfigurationPlatforms) = postSolution
		{841B53F6-8B98-44B7-A5BB-87E6A113AB0A}.Debug|x64.ActiveCfg = Debug|x64
		{841B53F6-8B98-44B7-A5BB-87E6A113AB0A}.Debug|x64.Build.0 = Debug|x64
		{841B53F6-8B98-44B7-A5BB-87E6A113AB0A}.Debug|x86.ActiveCfg = Debug|Win32
		{841B53F6-8B98-44B7-A5BB-87E6A113AB0A}.Debug|x86.Build.0 = Debug|Win32
		{841B53F6-8B98-44B7-A5BB-87E6A113AB0A}.Release|x64.ActiveCfg = Release|x64
		{841B53F6-8B98-44B7-A5BB-87E6A113AB0A}.Release|x64.Build.0 = Release|x64
		{841B53F6-8B98-44B7-A5BB-87E6A113AB0A}.Release|x86.ActiveCfg = Release|Win32
		{841B53F6-8B98-44B7-A5BB-87E6A113AB0A}.Release|x86.Build.0 = Release|Win32
	EndGlobalSection
	GlobalSection(SolutionProperties) = preSolution
		HideSolutionNode = FALSE
	EndGlobalSection
	GlobalSection(ExtensibilityGlobals) = postSolution
		SolutionGuid = {EE88016D-8578-4903-AE84-FA0031283B89}
	EndGlobalSection
EndGlobal
